
Microsoft Visual Studio Solution File, Format Version 12.00
# Visual Studio Version 17
VisualStudioVersion = 17.8.34330.188
MinimumVisualStudioVersion = 10.0.40219.1
Project("{2150E333-8FDC-42A3-9474-1A3956D46DE8}") = "src", "src", "{BD54FC1A-2665-42C1-9D53-08C1DCEA06A4}"
EndProject
Project("{2150E333-8FDC-42A3-9474-1A3956D46DE8}") = "docs", "docs", "{E9A8579C-864C-4947-8706-43359CA6E7B2}"
	ProjectSection(SolutionItems) = preProject
		docs\CHANGELOG.md = docs\CHANGELOG.md
		docs\manifest.json = docs\manifest.json
		docs\README.md = docs\README.md
	EndProjectSection
EndProject
Project("{FAE04EC0-301F-11D3-BF4B-00C04F79EFBC}") = "Huntdown", "src\Huntdown.csproj", "{0D890BA7-878C-4145-A477-91716484A347}"
EndProject
Global
	GlobalSection(SolutionConfigurationPlatforms) = preSolution
		Debug|Any CPU = Debug|Any CPU
		Release|Any CPU = Release|Any CPU
	EndGlobalSection
	GlobalSection(ProjectConfigurationPlatforms) = postSolution
		{0D890BA7-878C-4145-A477-91716484A347}.Debug|Any CPU.ActiveCfg = Debug|Any CPU
		{0D890BA7-878C-4145-A477-91716484A347}.Debug|Any CPU.Build.0 = Debug|Any CPU
		{0D890BA7-878C-4145-A477-91716484A347}.Release|Any CPU.ActiveCfg = Release|Any CPU
		{0D890BA7-878C-4145-A477-91716484A347}.Release|Any CPU.Build.0 = Release|Any CPU
	EndGlobalSection
	GlobalSection(SolutionProperties) = preSolution
		HideSolutionNode = FALSE
	EndGlobalSection
	GlobalSection(NestedProjects) = preSolution
		{0D890BA7-878C-4145-A477-91716484A347} = {BD54FC1A-2665-42C1-9D53-08C1DCEA06A4}
	EndGlobalSection
	GlobalSection(ExtensibilityGlobals) = postSolution
		SolutionGuid = {4D1A971D-7D84-49A1-AEB5-BF12FE02440F}
	EndGlobalSection
EndGlobal
